// !$*UTF8*$!
{
	archiveVersion = 1;
	classes = {
	};
	objectVersion = 56;
	objects = {

/* Begin PBXBuildFile section */
		1ED4D80F2DB6943C00EB4949 /* petCare_iOS_cw2App.swift in Sources */ = {isa = PBXBuildFile; fileRef = 1ED4D80E2DB6943C00EB4949 /* petCare_iOS_cw2App.swift */; };
		1ED4D8112DB6943C00EB4949 /* ContentView.swift in Sources */ = {isa = PBXBuildFile; fileRef = 1ED4D8102DB6943C00EB4949 /* ContentView.swift */; };
		1ED4D8132DB6944100EB4949 /* Assets.xcassets in Resources */ = {isa = PBXBuildFile; fileRef = 1ED4D8122DB6944100EB4949 /* Assets.xcassets */; };
		1ED4D8162DB6944100EB4949 /* Preview Assets.xcassets in Resources */ = {isa = PBXBuildFile; fileRef = 1ED4D8152DB6944100EB4949 /* Preview Assets.xcassets */; };
		1ED4D8202DB6944100EB4949 /* petCare_iOS_cw2Tests.swift in Sources */ = {isa = PBXBuildFile; fileRef = 1ED4D81F2DB6944100EB4949 /* petCare_iOS_cw2Tests.swift */; };
		1ED4D82A2DB6944100EB4949 /* petCare_iOS_cw2UITests.swift in Sources */ = {isa = PBXBuildFile; fileRef = 1ED4D8292DB6944100EB4949 /* petCare_iOS_cw2UITests.swift */; };
		1ED4D82C2DB6944100EB4949 /* petCare_iOS_cw2UITestsLaunchTests.swift in Sources */ = {isa = PBXBuildFile; fileRef = 1ED4D82B2DB6944100EB4949 /* petCare_iOS_cw2UITestsLaunchTests.swift */; };
		1ED4D83E2DB695D700EB4949 /* WelcomeView.swift in Sources */ = {isa = PBXBuildFile; fileRef = 1ED4D83D2DB695D700EB4949 /* WelcomeView.swift */; };
		1ED4D8402DB695E800EB4949 /* LoginView.swift in Sources */ = {isa = PBXBuildFile; fileRef = 1ED4D83F2DB695E800EB4949 /* LoginView.swift */; };
		1ED4D8422DB6960100EB4949 /* SignUpView.swift in Sources */ = {isa = PBXBuildFile; fileRef = 1ED4D8412DB6960100EB4949 /* SignUpView.swift */; };
		1ED4D8442DB6961F00EB4949 /* HomeView.swift in Sources */ = {isa = PBXBuildFile; fileRef = 1ED4D8432DB6961F00EB4949 /* HomeView.swift */; };
		1ED4D8462DB6963B00EB4949 /* PetDetailsView.swift in Sources */ = {isa = PBXBuildFile; fileRef = 1ED4D8452DB6963B00EB4949 /* PetDetailsView.swift */; };
		1ED4D8482DB6964F00EB4949 /* LostAndFoundView.swift in Sources */ = {isa = PBXBuildFile; fileRef = 1ED4D8472DB6964F00EB4949 /* LostAndFoundView.swift */; };
		1ED4D84A2DB6965F00EB4949 /* ReportView.swift in Sources */ = {isa = PBXBuildFile; fileRef = 1ED4D8492DB6965F00EB4949 /* ReportView.swift */; };
		1ED4D84C2DB6967000EB4949 /* NotificationsView.swift in Sources */ = {isa = PBXBuildFile; fileRef = 1ED4D84B2DB6967000EB4949 /* NotificationsView.swift */; };
		1ED4D84E2DB6968100EB4949 /* ProfileView.swift in Sources */ = {isa = PBXBuildFile; fileRef = 1ED4D84D2DB6968100EB4949 /* ProfileView.swift */; };
		1ED4D8502DB6969D00EB4949 /* NotificationService.swift in Sources */ = {isa = PBXBuildFile; fileRef = 1ED4D84F2DB6969D00EB4949 /* NotificationService.swift */; };
		1ED4D8522DB696B100EB4949 /* LocationService.swift in Sources */ = {isa = PBXBuildFile; fileRef = 1ED4D8512DB696B100EB4949 /* LocationService.swift */; };
		1ED4D8542DB696C200EB4949 /* DataService.swift in Sources */ = {isa = PBXBuildFile; fileRef = 1ED4D8532DB696C200EB4949 /* DataService.swift */; };
		1ED4D8572DB6994B00EB4949 /* dog4.png in Resources */ = {isa = PBXBuildFile; fileRef = 1ED4D8562DB6994B00EB4949 /* dog4.png */; };
		1ED4D8592DB8D4D200EB4949 /* MainTabView.swift in Sources */ = {isa = PBXBuildFile; fileRef = 1ED4D8582DB8D4D200EB4949 /* MainTabView.swift */; };
		1ED4D85C2DB8DFCB00EB4949 /* PetCareModel.xcdatamodeld in Sources */ = {isa = PBXBuildFile; fileRef = 1ED4D85A2DB8DFCB00EB4949 /* PetCareModel.xcdatamodeld */; };
		1ED4D85E2DB9410200EB4949 /* AppointmentsView.swift in Sources */ = {isa = PBXBuildFile; fileRef = 1ED4D85D2DB9410100EB4949 /* AppointmentsView.swift */; };
		1ED4D8602DB941FE00EB4949 /* BookAppointmentView.swift in Sources */ = {isa = PBXBuildFile; fileRef = 1ED4D85F2DB941FE00EB4949 /* BookAppointmentView.swift */; };
		1ED4D8622DB9433100EB4949 /* SettingsView.swift in Sources */ = {isa = PBXBuildFile; fileRef = 1ED4D8612DB9433100EB4949 /* SettingsView.swift */; };
		1ED4D8642DB9454400EB4949 /* Mapview.swift in Sources */ = {isa = PBXBuildFile; fileRef = 1ED4D8632DB9454400EB4949 /* Mapview.swift */; };
/* End PBXBuildFile section */

/* Begin PBXContainerItemProxy section */
		1ED4D81C2DB6944100EB4949 /* PBXContainerItemProxy */ = {
			isa = PBXContainerItemProxy;
			containerPortal = 1ED4D8032DB6943C00EB4949 /* Project object */;
			proxyType = 1;
			remoteGlobalIDString = 1ED4D80A2DB6943C00EB4949;
			remoteInfo = petCare_iOS_cw2;
		};
		1ED4D8262DB6944100EB4949 /* PBXContainerItemProxy */ = {
			isa = PBXContainerItemProxy;
			containerPortal = 1ED4D8032DB6943C00EB4949 /* Project object */;
			proxyType = 1;
			remoteGlobalIDString = 1ED4D80A2DB6943C00EB4949;
			remoteInfo = petCare_iOS_cw2;
		};
/* End PBXContainerItemProxy section */

/* Begin PBXFileReference section */
		1ED4D80B2DB6943C00EB4949 /* petCare_iOS_cw2.app */ = {isa = PBXFileReference; explicitFileType = wrapper.application; includeInIndex = 0; path = petCare_iOS_cw2.app; sourceTree = BUILT_PRODUCTS_DIR; };
		1ED4D80E2DB6943C00EB4949 /* petCare_iOS_cw2App.swift */ = {isa = PBXFileReference; lastKnownFileType = sourcecode.swift; path = petCare_iOS_cw2App.swift; sourceTree = "<group>"; };
		1ED4D8102DB6943C00EB4949 /* ContentView.swift */ = {isa = PBXFileReference; lastKnownFileType = sourcecode.swift; path = ContentView.swift; sourceTree = "<group>"; };
		1ED4D8122DB6944100EB4949 /* Assets.xcassets */ = {isa = PBXFileReference; lastKnownFileType = folder.assetcatalog; path = Assets.xcassets; sourceTree = "<group>"; };
		1ED4D8152DB6944100EB4949 /* Preview Assets.xcassets */ = {isa = PBXFileReference; lastKnownFileType = folder.assetcatalog; path = "Preview Assets.xcassets"; sourceTree = "<group>"; };
		1ED4D81B2DB6944100EB4949 /* petCare_iOS_cw2Tests.xctest */ = {isa = PBXFileReference; explicitFileType = wrapper.cfbundle; includeInIndex = 0; path = petCare_iOS_cw2Tests.xctest; sourceTree = BUILT_PRODUCTS_DIR; };
		1ED4D81F2DB6944100EB4949 /* petCare_iOS_cw2Tests.swift */ = {isa = PBXFileReference; lastKnownFileType = sourcecode.swift; path = petCare_iOS_cw2Tests.swift; sourceTree = "<group>"; };
		1ED4D8252DB6944100EB4949 /* petCare_iOS_cw2UITests.xctest */ = {isa = PBXFileReference; explicitFileType = wrapper.cfbundle; includeInIndex = 0; path = petCare_iOS_cw2UITests.xctest; sourceTree = BUILT_PRODUCTS_DIR; };
		1ED4D8292DB6944100EB4949 /* petCare_iOS_cw2UITests.swift */ = {isa = PBXFileReference; lastKnownFileType = sourcecode.swift; path = petCare_iOS_cw2UITests.swift; sourceTree = "<group>"; };
		1ED4D82B2DB6944100EB4949 /* petCare_iOS_cw2UITestsLaunchTests.swift */ = {isa = PBXFileReference; lastKnownFileType = sourcecode.swift; path = petCare_iOS_cw2UITestsLaunchTests.swift; sourceTree = "<group>"; };
		1ED4D83D2DB695D700EB4949 /* WelcomeView.swift */ = {isa = PBXFileReference; lastKnownFileType = sourcecode.swift; path = WelcomeView.swift; sourceTree = "<group>"; };
		1ED4D83F2DB695E800EB4949 /* LoginView.swift */ = {isa = PBXFileReference; lastKnownFileType = sourcecode.swift; path = LoginView.swift; sourceTree = "<group>"; };
		1ED4D8412DB6960100EB4949 /* SignUpView.swift */ = {isa = PBXFileReference; lastKnownFileType = sourcecode.swift; path = SignUpView.swift; sourceTree = "<group>"; };
		1ED4D8432DB6961F00EB4949 /* HomeView.swift */ = {isa = PBXFileReference; lastKnownFileType = sourcecode.swift; path = HomeView.swift; sourceTree = "<group>"; };
		1ED4D8452DB6963B00EB4949 /* PetDetailsView.swift */ = {isa = PBXFileReference; lastKnownFileType = sourcecode.swift; path = PetDetailsView.swift; sourceTree = "<group>"; };
		1ED4D8472DB6964F00EB4949 /* LostAndFoundView.swift */ = {isa = PBXFileReference; lastKnownFileType = sourcecode.swift; path = LostAndFoundView.swift; sourceTree = "<group>"; };
		1ED4D8492DB6965F00EB4949 /* ReportView.swift */ = {isa = PBXFileReference; lastKnownFileType = sourcecode.swift; path = ReportView.swift; sourceTree = "<group>"; };
		1ED4D84B2DB6967000EB4949 /* NotificationsView.swift */ = {isa = PBXFileReference; lastKnownFileType = sourcecode.swift; path = NotificationsView.swift; sourceTree = "<group>"; };
		1ED4D84D2DB6968100EB4949 /* ProfileView.swift */ = {isa = PBXFileReference; lastKnownFileType = sourcecode.swift; path = ProfileView.swift; sourceTree = "<group>"; };
		1ED4D84F2DB6969D00EB4949 /* NotificationService.swift */ = {isa = PBXFileReference; lastKnownFileType = sourcecode.swift; path = NotificationService.swift; sourceTree = "<group>"; };
		1ED4D8512DB696B100EB4949 /* LocationService.swift */ = {isa = PBXFileReference; lastKnownFileType = sourcecode.swift; path = LocationService.swift; sourceTree = "<group>"; };
		1ED4D8532DB696C200EB4949 /* DataService.swift */ = {isa = PBXFileReference; lastKnownFileType = sourcecode.swift; path = DataService.swift; sourceTree = "<group>"; };
		1ED4D8562DB6994B00EB4949 /* dog4.png */ = {isa = PBXFileReference; lastKnownFileType = image.png; path = dog4.png; sourceTree = "<group>"; };
		1ED4D8582DB8D4D200EB4949 /* MainTabView.swift */ = {isa = PBXFileReference; lastKnownFileType = sourcecode.swift; path = MainTabView.swift; sourceTree = "<group>"; };
		1ED4D85B2DB8DFCB00EB4949 /* PetCareModel.xcdatamodel */ = {isa = PBXFileReference; lastKnownFileType = wrapper.xcdatamodel; path = PetCareModel.xcdatamodel; sourceTree = "<group>"; };
		1ED4D85D2DB9410100EB4949 /* AppointmentsView.swift */ = {isa = PBXFileReference; lastKnownFileType = sourcecode.swift; path = AppointmentsView.swift; sourceTree = "<group>"; };
		1ED4D85F2DB941FE00EB4949 /* BookAppointmentView.swift */ = {isa = PBXFileReference; lastKnownFileType = sourcecode.swift; path = BookAppointmentView.swift; sourceTree = "<group>"; };
		1ED4D8612DB9433100EB4949 /* SettingsView.swift */ = {isa = PBXFileReference; lastKnownFileType = sourcecode.swift; path = SettingsView.swift; sourceTree = "<group>"; };
		1ED4D8632DB9454400EB4949 /* Mapview.swift */ = {isa = PBXFileReference; lastKnownFileType = sourcecode.swift; path = Mapview.swift; sourceTree = "<group>"; };
/* End PBXFileReference section */

/* Begin PBXFrameworksBuildPhase section */
		1ED4D8082DB6943C00EB4949 /* Frameworks */ = {
			isa = PBXFrameworksBuildPhase;
			buildActionMask = 2147483647;
			files = (
			);
			runOnlyForDeploymentPostprocessing = 0;
		};
		1ED4D8182DB6944100EB4949 /* Frameworks */ = {
			isa = PBXFrameworksBuildPhase;
			buildActionMask = 2147483647;
			files = (
			);
			runOnlyForDeploymentPostprocessing = 0;
		};
		1ED4D8222DB6944100EB4949 /* Frameworks */ = {
			isa = PBXFrameworksBuildPhase;
			buildActionMask = 2147483647;
			files = (
			);
			runOnlyForDeploymentPostprocessing = 0;
		};
/* End PBXFrameworksBuildPhase section */

/* Begin PBXGroup section */
		1ED4D8022DB6943C00EB4949 = {
			isa = PBXGroup;
			children = (
				1ED4D80D2DB6943C00EB4949 /* petCare_iOS_cw2 */,
				1ED4D81E2DB6944100EB4949 /* petCare_iOS_cw2Tests */,
				1ED4D8282DB6944100EB4949 /* petCare_iOS_cw2UITests */,
				1ED4D80C2DB6943C00EB4949 /* Products */,
			);
			sourceTree = "<group>";
		};
		1ED4D80C2DB6943C00EB4949 /* Products */ = {
			isa = PBXGroup;
			children = (
				1ED4D80B2DB6943C00EB4949 /* petCare_iOS_cw2.app */,
				1ED4D81B2DB6944100EB4949 /* petCare_iOS_cw2Tests.xctest */,
				1ED4D8252DB6944100EB4949 /* petCare_iOS_cw2UITests.xctest */,
			);
			name = Products;
			sourceTree = "<group>";
		};
		1ED4D80D2DB6943C00EB4949 /* petCare_iOS_cw2 */ = {
			isa = PBXGroup;
			children = (
				1ED4D83C2DB695AD00EB4949 /* Assets */,
				1ED4D83B2DB6959E00EB4949 /* Services */,
				1ED4D83A2DB6958E00EB4949 /* ViewModels */,
				1ED4D8392DB6958100EB4949 /* Views */,
				1ED4D8382DB6957700EB4949 /* Models */,
				1ED4D80E2DB6943C00EB4949 /* petCare_iOS_cw2App.swift */,
				1ED4D8102DB6943C00EB4949 /* ContentView.swift */,
				1ED4D8122DB6944100EB4949 /* Assets.xcassets */,
				1ED4D8142DB6944100EB4949 /* Preview Content */,
			);
			path = petCare_iOS_cw2;
			sourceTree = "<group>";
		};
		1ED4D8142DB6944100EB4949 /* Preview Content */ = {
			isa = PBXGroup;
			children = (
				1ED4D8152DB6944100EB4949 /* Preview Assets.xcassets */,
			);
			path = "Preview Content";
			sourceTree = "<group>";
		};
		1ED4D81E2DB6944100EB4949 /* petCare_iOS_cw2Tests */ = {
			isa = PBXGroup;
			children = (
				1ED4D81F2DB6944100EB4949 /* petCare_iOS_cw2Tests.swift */,
			);
			path = petCare_iOS_cw2Tests;
			sourceTree = "<group>";
		};
		1ED4D8282DB6944100EB4949 /* petCare_iOS_cw2UITests */ = {
			isa = PBXGroup;
			children = (
				1ED4D8292DB6944100EB4949 /* petCare_iOS_cw2UITests.swift */,
				1ED4D82B2DB6944100EB4949 /* petCare_iOS_cw2UITestsLaunchTests.swift */,
			);
			path = petCare_iOS_cw2UITests;
			sourceTree = "<group>";
		};
		1ED4D8382DB6957700EB4949 /* Models */ = {
			isa = PBXGroup;
			children = (
			);
			path = Models;
			sourceTree = "<group>";
		};
		1ED4D8392DB6958100EB4949 /* Views */ = {
			isa = PBXGroup;
			children = (
				1ED4D83D2DB695D700EB4949 /* WelcomeView.swift */,
				1ED4D83F2DB695E800EB4949 /* LoginView.swift */,
				1ED4D8412DB6960100EB4949 /* SignUpView.swift */,
				1ED4D8432DB6961F00EB4949 /* HomeView.swift */,
				1ED4D8452DB6963B00EB4949 /* PetDetailsView.swift */,
				1ED4D8472DB6964F00EB4949 /* LostAndFoundView.swift */,
				1ED4D8492DB6965F00EB4949 /* ReportView.swift */,
				1ED4D85A2DB8DFCB00EB4949 /* PetCareModel.xcdatamodeld */,
				1ED4D84B2DB6967000EB4949 /* NotificationsView.swift */,
				1ED4D84D2DB6968100EB4949 /* ProfileView.swift */,
				1ED4D8582DB8D4D200EB4949 /* MainTabView.swift */,
				1ED4D85D2DB9410100EB4949 /* AppointmentsView.swift */,
				1ED4D85F2DB941FE00EB4949 /* BookAppointmentView.swift */,
				1ED4D8612DB9433100EB4949 /* SettingsView.swift */,
				1ED4D8632DB9454400EB4949 /* Mapview.swift */,
			);
			path = Views;
			sourceTree = "<group>";
		};
		1ED4D83A2DB6958E00EB4949 /* ViewModels */ = {
			isa = PBXGroup;
			children = (
			);
			path = ViewModels;
			sourceTree = "<group>";
		};
		1ED4D83B2DB6959E00EB4949 /* Services */ = {
			isa = PBXGroup;
			children = (
				1ED4D84F2DB6969D00EB4949 /* NotificationService.swift */,
				1ED4D8512DB696B100EB4949 /* LocationService.swift */,
				1ED4D8532DB696C200EB4949 /* DataService.swift */,
			);
			path = Services;
			sourceTree = "<group>";
		};
		1ED4D83C2DB695AD00EB4949 /* Assets */ = {
			isa = PBXGroup;
			children = (
				1ED4D8562DB6994B00EB4949 /* dog4.png */,
			);
			path = Assets;
			sourceTree = "<group>";
		};
/* End PBXGroup section */

/* Begin PBXNativeTarget section */
		1ED4D80A2DB6943C00EB4949 /* petCare_iOS_cw2 */ = {
			isa = PBXNativeTarget;
			buildConfigurationList = 1ED4D82F2DB6944100EB4949 /* Build configuration list for PBXNativeTarget "petCare_iOS_cw2" */;
			buildPhases = (
				1ED4D8072DB6943C00EB4949 /* Sources */,
				1ED4D8082DB6943C00EB4949 /* Frameworks */,
				1ED4D8092DB6943C00EB4949 /* Resources */,
			);
			buildRules = (
			);
			dependencies = (
			);
			name = petCare_iOS_cw2;
			productName = petCare_iOS_cw2;
			productReference = 1ED4D80B2DB6943C00EB4949 /* petCare_iOS_cw2.app */;
			productType = "com.apple.product-type.application";
		};
		1ED4D81A2DB6944100EB4949 /* petCare_iOS_cw2Tests */ = {
			isa = PBXNativeTarget;
			buildConfigurationList = 1ED4D8322DB6944100EB4949 /* Build configuration list for PBXNativeTarget "petCare_iOS_cw2Tests" */;
			buildPhases = (
				1ED4D8172DB6944100EB4949 /* Sources */,
				1ED4D8182DB6944100EB4949 /* Frameworks */,
				1ED4D8192DB6944100EB4949 /* Resources */,
			);
			buildRules = (
			);
			dependencies = (
				1ED4D81D2DB6944100EB4949 /* PBXTargetDependency */,
			);
			name = petCare_iOS_cw2Tests;
			productName = petCare_iOS_cw2Tests;
			productReference = 1ED4D81B2DB6944100EB4949 /* petCare_iOS_cw2Tests.xctest */;
			productType = "com.apple.product-type.bundle.unit-test";
		};
		1ED4D8242DB6944100EB4949 /* petCare_iOS_cw2UITests */ = {
			isa = PBXNativeTarget;
			buildConfigurationList = 1ED4D8352DB6944100EB4949 /* Build configuration list for PBXNativeTarget "petCare_iOS_cw2UITests" */;
			buildPhases = (
				1ED4D8212DB6944100EB4949 /* Sources */,
				1ED4D8222DB6944100EB4949 /* Frameworks */,
				1ED4D8232DB6944100EB4949 /* Resources */,
			);
			buildRules = (
			);
			dependencies = (
				1ED4D8272DB6944100EB4949 /* PBXTargetDependency */,
			);
			name = petCare_iOS_cw2UITests;
			productName = petCare_iOS_cw2UITests;
			productReference = 1ED4D8252DB6944100EB4949 /* petCare_iOS_cw2UITests.xctest */;
			productType = "com.apple.product-type.bundle.ui-testing";
		};
/* End PBXNativeTarget section */

/* Begin PBXProject section */
		1ED4D8032DB6943C00EB4949 /* Project object */ = {
			isa = PBXProject;
			attributes = {
				BuildIndependentTargetsInParallel = 1;
				LastSwiftUpdateCheck = 1530;
				LastUpgradeCheck = 1530;
				TargetAttributes = {
					1ED4D80A2DB6943C00EB4949 = {
						CreatedOnToolsVersion = 15.3;
					};
					1ED4D81A2DB6944100EB4949 = {
						CreatedOnToolsVersion = 15.3;
						TestTargetID = 1ED4D80A2DB6943C00EB4949;
					};
					1ED4D8242DB6944100EB4949 = {
						CreatedOnToolsVersion = 15.3;
						TestTargetID = 1ED4D80A2DB6943C00EB4949;
					};
				};
			};
			buildConfigurationList = 1ED4D8062DB6943C00EB4949 /* Build configuration list for PBXProject "petCare_iOS_cw2" */;
			compatibilityVersion = "Xcode 14.0";
			developmentRegion = en;
			hasScannedForEncodings = 0;
			knownRegions = (
				en,
				Base,
			);
			mainGroup = 1ED4D8022DB6943C00EB4949;
			productRefGroup = 1ED4D80C2DB6943C00EB4949 /* Products */;
			projectDirPath = "";
			projectRoot = "";
			targets = (
				1ED4D80A2DB6943C00EB4949 /* petCare_iOS_cw2 */,
				1ED4D81A2DB6944100EB4949 /* petCare_iOS_cw2Tests */,
				1ED4D8242DB6944100EB4949 /* petCare_iOS_cw2UITests */,
			);
		};
/* End PBXProject section */

/* Begin PBXResourcesBuildPhase section */
		1ED4D8092DB6943C00EB4949 /* Resources */ = {
			isa = PBXResourcesBuildPhase;
			buildActionMask = 2147483647;
			files = (
				1ED4D8162DB6944100EB4949 /* Preview Assets.xcassets in Resources */,
				1ED4D8132DB6944100EB4949 /* Assets.xcassets in Resources */,
				1ED4D8572DB6994B00EB4949 /* dog4.png in Resources */,
			);
			runOnlyForDeploymentPostprocessing = 0;
		};
		1ED4D8192DB6944100EB4949 /* Resources */ = {
			isa = PBXResourcesBuildPhase;
			buildActionMask = 2147483647;
			files = (
			);
			runOnlyForDeploymentPostprocessing = 0;
		};
		1ED4D8232DB6944100EB4949 /* Resources */ = {
			isa = PBXResourcesBuildPhase;
			buildActionMask = 2147483647;
			files = (
			);
			runOnlyForDeploymentPostprocessing = 0;
		};
/* End PBXResourcesBuildPhase section */

/* Begin PBXSourcesBuildPhase section */
		1ED4D8072DB6943C00EB4949 /* Sources */ = {
			isa = PBXSourcesBuildPhase;
			buildActionMask = 2147483647;
			files = (
				1ED4D8112DB6943C00EB4949 /* ContentView.swift in Sources */,
				1ED4D8542DB696C200EB4949 /* DataService.swift in Sources */,
				1ED4D84C2DB6967000EB4949 /* NotificationsView.swift in Sources */,
				1ED4D8422DB6960100EB4949 /* SignUpView.swift in Sources */,
				1ED4D83E2DB695D700EB4949 /* WelcomeView.swift in Sources */,
				1ED4D8502DB6969D00EB4949 /* NotificationService.swift in Sources */,
				1ED4D85C2DB8DFCB00EB4949 /* PetCareModel.xcdatamodeld in Sources */,
				1ED4D8442DB6961F00EB4949 /* HomeView.swift in Sources */,
				1ED4D8402DB695E800EB4949 /* LoginView.swift in Sources */,
				1ED4D84A2DB6965F00EB4949 /* ReportView.swift in Sources */,
				1ED4D8482DB6964F00EB4949 /* LostAndFoundView.swift in Sources */,
				1ED4D8602DB941FE00EB4949 /* BookAppointmentView.swift in Sources */,
				1ED4D8522DB696B100EB4949 /* LocationService.swift in Sources */,
				1ED4D8642DB9454400EB4949 /* Mapview.swift in Sources */,
				1ED4D85E2DB9410200EB4949 /* AppointmentsView.swift in Sources */,
				1ED4D80F2DB6943C00EB4949 /* petCare_iOS_cw2App.swift in Sources */,
				1ED4D84E2DB6968100EB4949 /* ProfileView.swift in Sources */,
				1ED4D8462DB6963B00EB4949 /* PetDetailsView.swift in Sources */,
				1ED4D8592DB8D4D200EB4949 /* MainTabView.swift in Sources */,
				1ED4D8622DB9433100EB4949 /* SettingsView.swift in Sources */,
			);
			runOnlyForDeploymentPostprocessing = 0;
		};
		1ED4D8172DB6944100EB4949 /* Sources */ = {
			isa = PBXSourcesBuildPhase;
			buildActionMask = 2147483647;
			files = (
				1ED4D8202DB6944100EB4949 /* petCare_iOS_cw2Tests.swift in Sources */,
			);
			runOnlyForDeploymentPostprocessing = 0;
		};
		1ED4D8212DB6944100EB4949 /* Sources */ = {
			isa = PBXSourcesBuildPhase;
			buildActionMask = 2147483647;
			files = (
				1ED4D82C2DB6944100EB4949 /* petCare_iOS_cw2UITestsLaunchTests.swift in Sources */,
				1ED4D82A2DB6944100EB4949 /* petCare_iOS_cw2UITests.swift in Sources */,
			);
			runOnlyForDeploymentPostprocessing = 0;
		};
/* End PBXSourcesBuildPhase section */

/* Begin PBXTargetDependency section */
		1ED4D81D2DB6944100EB4949 /* PBXTargetDependency */ = {
			isa = PBXTargetDependency;
			target = 1ED4D80A2DB6943C00EB4949 /* petCare_iOS_cw2 */;
			targetProxy = 1ED4D81C2DB6944100EB4949 /* PBXContainerItemProxy */;
		};
		1ED4D8272DB6944100EB4949 /* PBXTargetDependency */ = {
			isa = PBXTargetDependency;
			target = 1ED4D80A2DB6943C00EB4949 /* petCare_iOS_cw2 */;
			targetProxy = 1ED4D8262DB6944100EB4949 /* PBXContainerItemProxy */;
		};
/* End PBXTargetDependency section */

/* Begin XCBuildConfiguration section */
		1ED4D82D2DB6944100EB4949 /* Debug */ = {
			isa = XCBuildConfiguration;
			buildSettings = {
				ALWAYS_SEARCH_USER_PATHS = NO;
				ASSETCATALOG_COMPILER_GENERATE_SWIFT_ASSET_SYMBOL_EXTENSIONS = YES;
				CLANG_ANALYZER_NONNULL = YES;
				CLANG_ANALYZER_NUMBER_OBJECT_CONVERSION = YES_AGGRESSIVE;
				CLANG_CXX_LANGUAGE_STANDARD = "gnu++20";
				CLANG_ENABLE_MODULES = YES;
				CLANG_ENABLE_OBJC_ARC = YES;
				CLANG_ENABLE_OBJC_WEAK = YES;
				CLANG_WARN_BLOCK_CAPTURE_AUTORELEASING = YES;
				CLANG_WARN_BOOL_CONVERSION = YES;
				CLANG_WARN_COMMA = YES;
				CLANG_WARN_CONSTANT_CONVERSION = YES;
				CLANG_WARN_DEPRECATED_OBJC_IMPLEMENTATIONS = YES;
				CLANG_WARN_DIRECT_OBJC_ISA_USAGE = YES_ERROR;
				CLANG_WARN_DOCUMENTATION_COMMENTS = YES;
				CLANG_WARN_EMPTY_BODY = YES;
				CLANG_WARN_ENUM_CONVERSION = YES;
				CLANG_WARN_INFINITE_RECURSION = YES;
				CLANG_WARN_INT_CONVERSION = YES;
				CLANG_WARN_NON_LITERAL_NULL_CONVERSION = YES;
				CLANG_WARN_OBJC_IMPLICIT_RETAIN_SELF = YES;
				CLANG_WARN_OBJC_LITERAL_CONVERSION = YES;
				CLANG_WARN_OBJC_ROOT_CLASS = YES_ERROR;
				CLANG_WARN_QUOTED_INCLUDE_IN_FRAMEWORK_HEADER = YES;
				CLANG_WARN_RANGE_LOOP_ANALYSIS = YES;
				CLANG_WARN_STRICT_PROTOTYPES = YES;
				CLANG_WARN_SUSPICIOUS_MOVE = YES;
				CLANG_WARN_UNGUARDED_AVAILABILITY = YES_AGGRESSIVE;
				CLANG_WARN_UNREACHABLE_CODE = YES;
				CLANG_WARN__DUPLICATE_METHOD_MATCH = YES;
				COPY_PHASE_STRIP = NO;
				DEBUG_INFORMATION_FORMAT = dwarf;
				ENABLE_STRICT_OBJC_MSGSEND = YES;
				ENABLE_TESTABILITY = YES;
				ENABLE_USER_SCRIPT_SANDBOXING = YES;
				GCC_C_LANGUAGE_STANDARD = gnu17;
				GCC_DYNAMIC_NO_PIC = NO;
				GCC_NO_COMMON_BLOCKS = YES;
				GCC_OPTIMIZATION_LEVEL = 0;
				GCC_PREPROCESSOR_DEFINITIONS = (
					"DEBUG=1",
					"$(inherited)",
				);
				GCC_WARN_64_TO_32_BIT_CONVERSION = YES;
				GCC_WARN_ABOUT_RETURN_TYPE = YES_ERROR;
				GCC_WARN_UNDECLARED_SELECTOR = YES;
				GCC_WARN_UNINITIALIZED_AUTOS = YES_AGGRESSIVE;
				GCC_WARN_UNUSED_FUNCTION = YES;
				GCC_WARN_UNUSED_VARIABLE = YES;
				IPHONEOS_DEPLOYMENT_TARGET = 17.4;
				LOCALIZATION_PREFERS_STRING_CATALOGS = YES;
				MTL_ENABLE_DEBUG_INFO = INCLUDE_SOURCE;
				MTL_FAST_MATH = YES;
				ONLY_ACTIVE_ARCH = YES;
				SDKROOT = iphoneos;
				SWIFT_ACTIVE_COMPILATION_CONDITIONS = "DEBUG $(inherited)";
				SWIFT_OPTIMIZATION_LEVEL = "-Onone";
			};
			name = Debug;
		};
		1ED4D82E2DB6944100EB4949 /* Release */ = {
			isa = XCBuildConfiguration;
			buildSettings = {
				ALWAYS_SEARCH_USER_PATHS = NO;
				ASSETCATALOG_COMPILER_GENERATE_SWIFT_ASSET_SYMBOL_EXTENSIONS = YES;
				CLANG_ANALYZER_NONNULL = YES;
				CLANG_ANALYZER_NUMBER_OBJECT_CONVERSION = YES_AGGRESSIVE;
				CLANG_CXX_LANGUAGE_STANDARD = "gnu++20";
				CLANG_ENABLE_MODULES = YES;
				CLANG_ENABLE_OBJC_ARC = YES;
				CLANG_ENABLE_OBJC_WEAK = YES;
				CLANG_WARN_BLOCK_CAPTURE_AUTORELEASING = YES;
				CLANG_WARN_BOOL_CONVERSION = YES;
				CLANG_WARN_COMMA = YES;
				CLANG_WARN_CONSTANT_CONVERSION = YES;
				CLANG_WARN_DEPRECATED_OBJC_IMPLEMENTATIONS = YES;
				CLANG_WARN_DIRECT_OBJC_ISA_USAGE = YES_ERROR;
				CLANG_WARN_DOCUMENTATION_COMMENTS = YES;
				CLANG_WARN_EMPTY_BODY = YES;
				CLANG_WARN_ENUM_CONVERSION = YES;
				CLANG_WARN_INFINITE_RECURSION = YES;
				CLANG_WARN_INT_CONVERSION = YES;
				CLANG_WARN_NON_LITERAL_NULL_CONVERSION = YES;
				CLANG_WARN_OBJC_IMPLICIT_RETAIN_SELF = YES;
				CLANG_WARN_OBJC_LITERAL_CONVERSION = YES;
				CLANG_WARN_OBJC_ROOT_CLASS = YES_ERROR;
				CLANG_WARN_QUOTED_INCLUDE_IN_FRAMEWORK_HEADER = YES;
				CLANG_WARN_RANGE_LOOP_ANALYSIS = YES;
				CLANG_WARN_STRICT_PROTOTYPES = YES;
				CLANG_WARN_SUSPICIOUS_MOVE = YES;
				CLANG_WARN_UNGUARDED_AVAILABILITY = YES_AGGRESSIVE;
				CLANG_WARN_UNREACHABLE_CODE = YES;
				CLANG_WARN__DUPLICATE_METHOD_MATCH = YES;
				COPY_PHASE_STRIP = NO;
				DEBUG_INFORMATION_FORMAT = "dwarf-with-dsym";
				ENABLE_NS_ASSERTIONS = NO;
				ENABLE_STRICT_OBJC_MSGSEND = YES;
				ENABLE_USER_SCRIPT_SANDBOXING = YES;
				GCC_C_LANGUAGE_STANDARD = gnu17;
				GCC_NO_COMMON_BLOCKS = YES;
				GCC_WARN_64_TO_32_BIT_CONVERSION = YES;
				GCC_WARN_ABOUT_RETURN_TYPE = YES_ERROR;
				GCC_WARN_UNDECLARED_SELECTOR = YES;
				GCC_WARN_UNINITIALIZED_AUTOS = YES_AGGRESSIVE;
				GCC_WARN_UNUSED_FUNCTION = YES;
				GCC_WARN_UNUSED_VARIABLE = YES;
				IPHONEOS_DEPLOYMENT_TARGET = 17.4;
				LOCALIZATION_PREFERS_STRING_CATALOGS = YES;
				MTL_ENABLE_DEBUG_INFO = NO;
				MTL_FAST_MATH = YES;
				SDKROOT = iphoneos;
				SWIFT_COMPILATION_MODE = wholemodule;
				VALIDATE_PRODUCT = YES;
			};
			name = Release;
		};
		1ED4D8302DB6944100EB4949 /* Debug */ = {
			isa = XCBuildConfiguration;
			buildSettings = {
				ASSETCATALOG_COMPILER_APPICON_NAME = AppIcon;
				ASSETCATALOG_COMPILER_GLOBAL_ACCENT_COLOR_NAME = AccentColor;
				CODE_SIGN_STYLE = Automatic;
				CURRENT_PROJECT_VERSION = 1;
				DEVELOPMENT_ASSET_PATHS = "\"petCare_iOS_cw2/Preview Content\"";
				ENABLE_PREVIEWS = YES;
				GENERATE_INFOPLIST_FILE = YES;
				INFOPLIST_KEY_UIApplicationSceneManifest_Generation = YES;
				INFOPLIST_KEY_UIApplicationSupportsIndirectInputEvents = YES;
				INFOPLIST_KEY_UILaunchScreen_Generation = YES;
				INFOPLIST_KEY_UISupportedInterfaceOrientations_iPad = "UIInterfaceOrientationPortrait UIInterfaceOrientationPortraitUpsideDown UIInterfaceOrientationLandscapeLeft UIInterfaceOrientationLandscapeRight";
				INFOPLIST_KEY_UISupportedInterfaceOrientations_iPhone = "UIInterfaceOrientationPortrait UIInterfaceOrientationLandscapeLeft UIInterfaceOrientationLandscapeRight";
				LD_RUNPATH_SEARCH_PATHS = (
					"$(inherited)",
					"@executable_path/Frameworks",
				);
				MARKETING_VERSION = 1.0;
				PRODUCT_BUNDLE_IDENTIFIER = "Imanthi.petCare-iOS-cw2";
				PRODUCT_NAME = "$(TARGET_NAME)";
				SWIFT_EMIT_LOC_STRINGS = YES;
				SWIFT_VERSION = 5.0;
				TARGETED_DEVICE_FAMILY = "1,2";
			};
			name = Debug;
		};
		1ED4D8312DB6944100EB4949 /* Release */ = {
			isa = XCBuildConfiguration;
			buildSettings = {
				ASSETCATALOG_COMPILER_APPICON_NAME = AppIcon;
				ASSETCATALOG_COMPILER_GLOBAL_ACCENT_COLOR_NAME = AccentColor;
				CODE_SIGN_STYLE = Automatic;
				CURRENT_PROJECT_VERSION = 1;
				DEVELOPMENT_ASSET_PATHS = "\"petCare_iOS_cw2/Preview Content\"";
				ENABLE_PREVIEWS = YES;
				GENERATE_INFOPLIST_FILE = YES;
				INFOPLIST_KEY_UIApplicationSceneManifest_Generation = YES;
				INFOPLIST_KEY_UIApplicationSupportsIndirectInputEvents = YES;
				INFOPLIST_KEY_UILaunchScreen_Generation = YES;
				INFOPLIST_KEY_UISupportedInterfaceOrientations_iPad = "UIInterfaceOrientationPortrait UIInterfaceOrientationPortraitUpsideDown UIInterfaceOrientationLandscapeLeft UIInterfaceOrientationLandscapeRight";
				INFOPLIST_KEY_UISupportedInterfaceOrientations_iPhone = "UIInterfaceOrientationPortrait UIInterfaceOrientationLandscapeLeft UIInterfaceOrientationLandscapeRight";
				LD_RUNPATH_SEARCH_PATHS = (
					"$(inherited)",
					"@executable_path/Frameworks",
				);
				MARKETING_VERSION = 1.0;
				PRODUCT_BUNDLE_IDENTIFIER = "Imanthi.petCare-iOS-cw2";
				PRODUCT_NAME = "$(TARGET_NAME)";
				SWIFT_EMIT_LOC_STRINGS = YES;
				SWIFT_VERSION = 5.0;
				TARGETED_DEVICE_FAMILY = "1,2";
			};
			name = Release;
		};
		1ED4D8332DB6944100EB4949 /* Debug */ = {
			isa = XCBuildConfiguration;
			buildSettings = {
				ALWAYS_EMBED_SWIFT_STANDARD_LIBRARIES = YES;
				BUNDLE_LOADER = "$(TEST_HOST)";
				CODE_SIGN_STYLE = Automatic;
				CURRENT_PROJECT_VERSION = 1;
				GENERATE_INFOPLIST_FILE = YES;
				IPHONEOS_DEPLOYMENT_TARGET = 17.4;
				MARKETING_VERSION = 1.0;
				PRODUCT_BUNDLE_IDENTIFIER = "Imanthi.petCare-iOS-cw2Tests";
				PRODUCT_NAME = "$(TARGET_NAME)";
				SWIFT_EMIT_LOC_STRINGS = NO;
				SWIFT_VERSION = 5.0;
				TARGETED_DEVICE_FAMILY = "1,2";
				TEST_HOST = "$(BUILT_PRODUCTS_DIR)/petCare_iOS_cw2.app/$(BUNDLE_EXECUTABLE_FOLDER_PATH)/petCare_iOS_cw2";
			};
			name = Debug;
		};
		1ED4D8342DB6944100EB4949 /* Release */ = {
			isa = XCBuildConfiguration;
			buildSettings = {
				ALWAYS_EMBED_SWIFT_STANDARD_LIBRARIES = YES;
				BUNDLE_LOADER = "$(TEST_HOST)";
				CODE_SIGN_STYLE = Automatic;
				CURRENT_PROJECT_VERSION = 1;
				GENERATE_INFOPLIST_FILE = YES;
				IPHONEOS_DEPLOYMENT_TARGET = 17.4;
				MARKETING_VERSION = 1.0;
				PRODUCT_BUNDLE_IDENTIFIER = "Imanthi.petCare-iOS-cw2Tests";
				PRODUCT_NAME = "$(TARGET_NAME)";
				SWIFT_EMIT_LOC_STRINGS = NO;
				SWIFT_VERSION = 5.0;
				TARGETED_DEVICE_FAMILY = "1,2";
				TEST_HOST = "$(BUILT_PRODUCTS_DIR)/petCare_iOS_cw2.app/$(BUNDLE_EXECUTABLE_FOLDER_PATH)/petCare_iOS_cw2";
			};
			name = Release;
		};
		1ED4D8362DB6944100EB4949 /* Debug */ = {
			isa = XCBuildConfiguration;
			buildSettings = {
				ALWAYS_EMBED_SWIFT_STANDARD_LIBRARIES = YES;
				CODE_SIGN_STYLE = Automatic;
				CURRENT_PROJECT_VERSION = 1;
				GENERATE_INFOPLIST_FILE = YES;
				MARKETING_VERSION = 1.0;
				PRODUCT_BUNDLE_IDENTIFIER = "Imanthi.petCare-iOS-cw2UITests";
				PRODUCT_NAME = "$(TARGET_NAME)";
				SWIFT_EMIT_LOC_STRINGS = NO;
				SWIFT_VERSION = 5.0;
				TARGETED_DEVICE_FAMILY = "1,2";
				TEST_TARGET_NAME = petCare_iOS_cw2;
			};
			name = Debug;
		};
		1ED4D8372DB6944100EB4949 /* Release */ = {
			isa = XCBuildConfiguration;
			buildSettings = {
				ALWAYS_EMBED_SWIFT_STANDARD_LIBRARIES = YES;
				CODE_SIGN_STYLE = Automatic;
				CURRENT_PROJECT_VERSION = 1;
				GENERATE_INFOPLIST_FILE = YES;
				MARKETING_VERSION = 1.0;
				PRODUCT_BUNDLE_IDENTIFIER = "Imanthi.petCare-iOS-cw2UITests";
				PRODUCT_NAME = "$(TARGET_NAME)";
				SWIFT_EMIT_LOC_STRINGS = NO;
				SWIFT_VERSION = 5.0;
				TARGETED_DEVICE_FAMILY = "1,2";
				TEST_TARGET_NAME = petCare_iOS_cw2;
			};
			name = Release;
		};
/* End XCBuildConfiguration section */

/* Begin XCConfigurationList section */
		1ED4D8062DB6943C00EB4949 /* Build configuration list for PBXProject "petCare_iOS_cw2" */ = {
			isa = XCConfigurationList;
			buildConfigurations = (
				1ED4D82D2DB6944100EB4949 /* Debug */,
				1ED4D82E2DB6944100EB4949 /* Release */,
			);
			defaultConfigurationIsVisible = 0;
			defaultConfigurationName = Release;
		};
		1ED4D82F2DB6944100EB4949 /* Build configuration list for PBXNativeTarget "petCare_iOS_cw2" */ = {
			isa = XCConfigurationList;
			buildConfigurations = (
				1ED4D8302DB6944100EB4949 /* Debug */,
				1ED4D8312DB6944100EB4949 /* Release */,
			);
			defaultConfigurationIsVisible = 0;
			defaultConfigurationName = Release;
		};
		1ED4D8322DB6944100EB4949 /* Build configuration list for PBXNativeTarget "petCare_iOS_cw2Tests" */ = {
			isa = XCConfigurationList;
			buildConfigurations = (
				1ED4D8332DB6944100EB4949 /* Debug */,
				1ED4D8342DB6944100EB4949 /* Release */,
			);
			defaultConfigurationIsVisible = 0;
			defaultConfigurationName = Release;
		};
		1ED4D8352DB6944100EB4949 /* Build configuration list for PBXNativeTarget "petCare_iOS_cw2UITests" */ = {
			isa = XCConfigurationList;
			buildConfigurations = (
				1ED4D8362DB6944100EB4949 /* Debug */,
				1ED4D8372DB6944100EB4949 /* Release */,
			);
			defaultConfigurationIsVisible = 0;
			defaultConfigurationName = Release;
		};
/* End XCConfigurationList section */

/* Begin XCVersionGroup section */
		1ED4D85A2DB8DFCB00EB4949 /* PetCareModel.xcdatamodeld */ = {
			isa = XCVersionGroup;
			children = (
				1ED4D85B2DB8DFCB00EB4949 /* PetCareModel.xcdatamodel */,
			);
			currentVersion = 1ED4D85B2DB8DFCB00EB4949 /* PetCareModel.xcdatamodel */;
			name = PetCareModel.xcdatamodeld;
			path = /Users/imanthiabeyratne/Documents/iOS_cw2/petCare_iOS_cw2/petCare_iOS_cw2/Views/PetCareModel.xcdatamodeld;
			sourceTree = "<group>";
			versionGroupType = wrapper.xcdatamodel;
		};
/* End XCVersionGroup section */
	};
	rootObject = 1ED4D8032DB6943C00EB4949 /* Project object */;
}
